// !$*UTF8*$!
{
	archiveVersion = 1;
	classes = {
	};
	objectVersion = 50;
	objects = {

/* Begin PBXBuildFile section */
		5244DAC043495EC0FAA51347 /* Pods_App_Works_Midterm.framework in Frameworks */ = {isa = PBXBuildFile; fileRef = F608A82DDF3F124663E32B6F /* Pods_App_Works_Midterm.framework */; };
		CF1D8DDA23D1445000A601BF /* AppDelegate.swift in Sources */ = {isa = PBXBuildFile; fileRef = CF1D8DD923D1445000A601BF /* AppDelegate.swift */; };
		CF1D8DDE23D1445000A601BF /* ViewController.swift in Sources */ = {isa = PBXBuildFile; fileRef = CF1D8DDD23D1445000A601BF /* ViewController.swift */; };
		CF1D8DE123D1445000A601BF /* Main.storyboard in Resources */ = {isa = PBXBuildFile; fileRef = CF1D8DDF23D1445000A601BF /* Main.storyboard */; };
		CF1D8DE323D1445100A601BF /* Assets.xcassets in Resources */ = {isa = PBXBuildFile; fileRef = CF1D8DE223D1445100A601BF /* Assets.xcassets */; };
		CF1D8DE623D1445100A601BF /* LaunchScreen.storyboard in Resources */ = {isa = PBXBuildFile; fileRef = CF1D8DE423D1445100A601BF /* LaunchScreen.storyboard */; };
/* End PBXBuildFile section */

/* Begin PBXFileReference section */
		B94F47C7B833B5A7BB7FBED6 /* Pods-App Works Midterm.release.xcconfig */ = {isa = PBXFileReference; includeInIndex = 1; lastKnownFileType = text.xcconfig; name = "Pods-App Works Midterm.release.xcconfig"; path = "Target Support Files/Pods-App Works Midterm/Pods-App Works Midterm.release.xcconfig"; sourceTree = "<group>"; };
		CF1D8DD623D1445000A601BF /* App Works Midterm.app */ = {isa = PBXFileReference; explicitFileType = wrapper.application; includeInIndex = 0; path = "App Works Midterm.app"; sourceTree = BUILT_PRODUCTS_DIR; };
		CF1D8DD923D1445000A601BF /* AppDelegate.swift */ = {isa = PBXFileReference; lastKnownFileType = sourcecode.swift; path = AppDelegate.swift; sourceTree = "<group>"; };
		CF1D8DDD23D1445000A601BF /* ViewController.swift */ = {isa = PBXFileReference; lastKnownFileType = sourcecode.swift; path = ViewController.swift; sourceTree = "<group>"; };
		CF1D8DE023D1445000A601BF /* Base */ = {isa = PBXFileReference; lastKnownFileType = file.storyboard; name = Base; path = Base.lproj/Main.storyboard; sourceTree = "<group>"; };
		CF1D8DE223D1445100A601BF /* Assets.xcassets */ = {isa = PBXFileReference; lastKnownFileType = folder.assetcatalog; path = Assets.xcassets; sourceTree = "<group>"; };
		CF1D8DE523D1445100A601BF /* Base */ = {isa = PBXFileReference; lastKnownFileType = file.storyboard; name = Base; path = Base.lproj/LaunchScreen.storyboard; sourceTree = "<group>"; };
		CF1D8DE723D1445100A601BF /* Info.plist */ = {isa = PBXFileReference; lastKnownFileType = text.plist.xml; path = Info.plist; sourceTree = "<group>"; };
		DA0BB69B9F4F55AB185FB974 /* Pods-App Works Midterm.debug.xcconfig */ = {isa = PBXFileReference; includeInIndex = 1; lastKnownFileType = text.xcconfig; name = "Pods-App Works Midterm.debug.xcconfig"; path = "Target Support Files/Pods-App Works Midterm/Pods-App Works Midterm.debug.xcconfig"; sourceTree = "<group>"; };
		F608A82DDF3F124663E32B6F /* Pods_App_Works_Midterm.framework */ = {isa = PBXFileReference; explicitFileType = wrapper.framework; includeInIndex = 0; path = Pods_App_Works_Midterm.framework; sourceTree = BUILT_PRODUCTS_DIR; };
/* End PBXFileReference section */

/* Begin PBXFrameworksBuildPhase section */
		CF1D8DD323D1445000A601BF /* Frameworks */ = {
			isa = PBXFrameworksBuildPhase;
			buildActionMask = 2147483647;
			files = (
				5244DAC043495EC0FAA51347 /* Pods_App_Works_Midterm.framework in Frameworks */,
			);
			runOnlyForDeploymentPostprocessing = 0;
		};
/* End PBXFrameworksBuildPhase section */

/* Begin PBXGroup section */
		863A5CA88CC3A0C9FA3ECD0A /* Frameworks */ = {
			isa = PBXGroup;
			children = (
				F608A82DDF3F124663E32B6F /* Pods_App_Works_Midterm.framework */,
			);
			name = Frameworks;
			sourceTree = "<group>";
		};
		CF1D8DCD23D1445000A601BF = {
			isa = PBXGroup;
			children = (
				CF1D8DD823D1445000A601BF /* App Works Midterm */,
				CF1D8DD723D1445000A601BF /* Products */,
				DF297626F9E3A52D241C6A4E /* Pods */,
				863A5CA88CC3A0C9FA3ECD0A /* Frameworks */,
			);
			sourceTree = "<group>";
		};
		CF1D8DD723D1445000A601BF /* Products */ = {
			isa = PBXGroup;
			children = (
				CF1D8DD623D1445000A601BF /* App Works Midterm.app */,
			);
			name = Products;
			sourceTree = "<group>";
		};
		CF1D8DD823D1445000A601BF /* App Works Midterm */ = {
			isa = PBXGroup;
			children = (
				CF1D8DD923D1445000A601BF /* AppDelegate.swift */,
				CF1D8DDD23D1445000A601BF /* ViewController.swift */,
				CF1D8DDF23D1445000A601BF /* Main.storyboard */,
				CF1D8DE223D1445100A601BF /* Assets.xcassets */,
				CF1D8DE423D1445100A601BF /* LaunchScreen.storyboard */,
				CF1D8DE723D1445100A601BF /* Info.plist */,
			);
			path = "App Works Midterm";
			sourceTree = "<group>";
		};
		DF297626F9E3A52D241C6A4E /* Pods */ = {
			isa = PBXGroup;
			children = (
				DA0BB69B9F4F55AB185FB974 /* Pods-App Works Midterm.debug.xcconfig */,
				B94F47C7B833B5A7BB7FBED6 /* Pods-App Works Midterm.release.xcconfig */,
			);
			name = Pods;
			path = Pods;
			sourceTree = "<group>";
		};
/* End PBXGroup section */

/* Begin PBXNativeTarget section */
		CF1D8DD523D1445000A601BF /* App Works Midterm */ = {
			isa = PBXNativeTarget;
			buildConfigurationList = CF1D8DEA23D1445100A601BF /* Build configuration list for PBXNativeTarget "App Works Midterm" */;
			buildPhases = (
				7961FACBBA5AF88D49B0A147 /* [CP] Check Pods Manifest.lock */,
				CF1D8DD223D1445000A601BF /* Sources */,
				CF1D8DD323D1445000A601BF /* Frameworks */,
				CF1D8DD423D1445000A601BF /* Resources */,
				D337CE41F3FBEA5FBF566242 /* [CP] Embed Pods Frameworks */,
			);
			buildRules = (
			);
			dependencies = (
			);
			name = "App Works Midterm";
			productName = "App Works Midterm";
			productReference = CF1D8DD623D1445000A601BF /* App Works Midterm.app */;
			productType = "com.apple.product-type.application";
		};
/* End PBXNativeTarget section */

/* Begin PBXProject section */
		CF1D8DCE23D1445000A601BF /* Project object */ = {
			isa = PBXProject;
			attributes = {
				LastSwiftUpdateCheck = 1130;
				LastUpgradeCheck = 1130;
				ORGANIZATIONNAME = FISH;
				TargetAttributes = {
					CF1D8DD523D1445000A601BF = {
						CreatedOnToolsVersion = 11.3;
					};
				};
			};
			buildConfigurationList = CF1D8DD123D1445000A601BF /* Build configuration list for PBXProject "App Works Midterm" */;
			compatibilityVersion = "Xcode 9.3";
			developmentRegion = en;
			hasScannedForEncodings = 0;
			knownRegions = (
				en,
				Base,
			);
			mainGroup = CF1D8DCD23D1445000A601BF;
			productRefGroup = CF1D8DD723D1445000A601BF /* Products */;
			projectDirPath = "";
			projectRoot = "";
			targets = (
				CF1D8DD523D1445000A601BF /* App Works Midterm */,
			);
		};
/* End PBXProject section */

/* Begin PBXResourcesBuildPhase section */
		CF1D8DD423D1445000A601BF /* Resources */ = {
			isa = PBXResourcesBuildPhase;
			buildActionMask = 2147483647;
			files = (
				CF1D8DE623D1445100A601BF /* LaunchScreen.storyboard in Resources */,
				CF1D8DE323D1445100A601BF /* Assets.xcassets in Resources */,
				CF1D8DE123D1445000A601BF /* Main.storyboard in Resources */,
			);
			runOnlyForDeploymentPostprocessing = 0;
		};
/* End PBXResourcesBuildPhase section */

/* Begin PBXShellScriptBuildPhase section */
		7961FACBBA5AF88D49B0A147 /* [CP] Check Pods Manifest.lock */ = {
			isa = PBXShellScriptBuildPhase;
			buildActionMask = 2147483647;
			files = (
			);
			inputFileListPaths = (
			);
			inputPaths = (
				"${PODS_PODFILE_DIR_PATH}/Podfile.lock",
				"${PODS_ROOT}/Manifest.lock",
			);
			name = "[CP] Check Pods Manifest.lock";
			outputFileListPaths = (
			);
			outputPaths = (
				"$(DERIVED_FILE_DIR)/Pods-App Works Midterm-checkManifestLockResult.txt",
			);
			runOnlyForDeploymentPostprocessing = 0;
			shellPath = /bin/sh;
			shellScript = "diff \"${PODS_PODFILE_DIR_PATH}/Podfile.lock\" \"${PODS_ROOT}/Manifest.lock\" > /dev/null\nif [ $? != 0 ] ; then\n    # print error to STDERR\n    echo \"error: The sandbox is not in sync with the Podfile.lock. Run 'pod install' or update your CocoaPods installation.\" >&2\n    exit 1\nfi\n# This output is used by Xcode 'outputs' to avoid re-running this script phase.\necho \"SUCCESS\" > \"${SCRIPT_OUTPUT_FILE_0}\"\n";
			showEnvVarsInLog = 0;
		};
		D337CE41F3FBEA5FBF566242 /* [CP] Embed Pods Frameworks */ = {
			isa = PBXShellScriptBuildPhase;
			buildActionMask = 2147483647;
			files = (
			);
			inputFileListPaths = (
				"${PODS_ROOT}/Target Support Files/Pods-App Works Midterm/Pods-App Works Midterm-frameworks-${CONFIGURATION}-input-files.xcfilelist",
			);
			name = "[CP] Embed Pods Frameworks";
			outputFileListPaths = (
				"${PODS_ROOT}/Target Support Files/Pods-App Works Midterm/Pods-App Works Midterm-frameworks-${CONFIGURATION}-output-files.xcfilelist",
			);
			runOnlyForDeploymentPostprocessing = 0;
			shellPath = /bin/sh;
			shellScript = "\"${PODS_ROOT}/Target Support Files/Pods-App Works Midterm/Pods-App Works Midterm-frameworks.sh\"\n";
			showEnvVarsInLog = 0;
		};
/* End PBXShellScriptBuildPhase section */

/* Begin PBXSourcesBuildPhase section */
		CF1D8DD223D1445000A601BF /* Sources */ = {
			isa = PBXSourcesBuildPhase;
			buildActionMask = 2147483647;
			files = (
				CF1D8DDE23D1445000A601BF /* ViewController.swift in Sources */,
				CF1D8DDA23D1445000A601BF /* AppDelegate.swift in Sources */,
			);
			runOnlyForDeploymentPostprocessing = 0;
		};
/* End PBXSourcesBuildPhase section */

/* Begin PBXVariantGroup section */
		CF1D8DDF23D1445000A601BF /* Main.storyboard */ = {
			isa = PBXVariantGroup;
			children = (
				CF1D8DE023D1445000A601BF /* Base */,
			);
			name = Main.storyboard;
			sourceTree = "<group>";
		};
		CF1D8DE423D1445100A601BF /* LaunchScreen.storyboard */ = {
			isa = PBXVariantGroup;
			children = (
				CF1D8DE523D1445100A601BF /* Base */,
			);
			name = LaunchScreen.storyboard;
			sourceTree = "<group>";
		};
/* End PBXVariantGroup section */

/* Begin XCBuildConfiguration section */
		CF1D8DE823D1445100A601BF /* Debug */ = {
			isa = XCBuildConfiguration;
			buildSettings = {
				ALWAYS_SEARCH_USER_PATHS = NO;
				CLANG_ANALYZER_NONNULL = YES;
				CLANG_ANALYZER_NUMBER_OBJECT_CONVERSION = YES_AGGRESSIVE;
				CLANG_CXX_LANGUAGE_STANDARD = "gnu++14";
				CLANG_CXX_LIBRARY = "libc++";
				CLANG_ENABLE_MODULES = YES;
				CLANG_ENABLE_OBJC_ARC = YES;
				CLANG_ENABLE_OBJC_WEAK = YES;
				CLANG_WARN_BLOCK_CAPTURE_AUTORELEASING = YES;
				CLANG_WARN_BOOL_CONVERSION = YES;
				CLANG_WARN_COMMA = YES;
				CLANG_WARN_CONSTANT_CONVERSION = YES;
				CLANG_WARN_DEPRECATED_OBJC_IMPLEMENTATIONS = YES;
				CLANG_WARN_DIRECT_OBJC_ISA_USAGE = YES_ERROR;
				CLANG_WARN_DOCUMENTATION_COMMENTS = YES;
				CLANG_WARN_EMPTY_BODY = YES;
				CLANG_WARN_ENUM_CONVERSION = YES;
				CLANG_WARN_INFINITE_RECURSION = YES;
				CLANG_WARN_INT_CONVERSION = YES;
				CLANG_WARN_NON_LITERAL_NULL_CONVERSION = YES;
				CLANG_WARN_OBJC_IMPLICIT_RETAIN_SELF = YES;
				CLANG_WARN_OBJC_LITERAL_CONVERSION = YES;
				CLANG_WARN_OBJC_ROOT_CLASS = YES_ERROR;
				CLANG_WARN_RANGE_LOOP_ANALYSIS = YES;
				CLANG_WARN_STRICT_PROTOTYPES = YES;
				CLANG_WARN_SUSPICIOUS_MOVE = YES;
				CLANG_WARN_UNGUARDED_AVAILABILITY = YES_AGGRESSIVE;
				CLANG_WARN_UNREACHABLE_CODE = YES;
				CLANG_WARN__DUPLICATE_METHOD_MATCH = YES;
				COPY_PHASE_STRIP = NO;
				DEBUG_INFORMATION_FORMAT = dwarf;
				ENABLE_STRICT_OBJC_MSGSEND = YES;
				ENABLE_TESTABILITY = YES;
				GCC_C_LANGUAGE_STANDARD = gnu11;
				GCC_DYNAMIC_NO_PIC = NO;
				GCC_NO_COMMON_BLOCKS = YES;
				GCC_OPTIMIZATION_LEVEL = 0;
				GCC_PREPROCESSOR_DEFINITIONS = (
					"DEBUG=1",
					"$(inherited)",
				);
				GCC_WARN_64_TO_32_BIT_CONVERSION = YES;
				GCC_WARN_ABOUT_RETURN_TYPE = YES_ERROR;
				GCC_WARN_UNDECLARED_SELECTOR = YES;
				GCC_WARN_UNINITIALIZED_AUTOS = YES_AGGRESSIVE;
				GCC_WARN_UNUSED_FUNCTION = YES;
				GCC_WARN_UNUSED_VARIABLE = YES;
				IPHONEOS_DEPLOYMENT_TARGET = 13.2;
				MTL_ENABLE_DEBUG_INFO = INCLUDE_SOURCE;
				MTL_FAST_MATH = YES;
				ONLY_ACTIVE_ARCH = YES;
				SDKROOT = iphoneos;
				SWIFT_ACTIVE_COMPILATION_CONDITIONS = DEBUG;
				SWIFT_OPTIMIZATION_LEVEL = "-Onone";
			};
			name = Debug;
		};
		CF1D8DE923D1445100A601BF /* Release */ = {
			isa = XCBuildConfiguration;
			buildSettings = {
				ALWAYS_SEARCH_USER_PATHS = NO;
				CLANG_ANALYZER_NONNULL = YES;
				CLANG_ANALYZER_NUMBER_OBJECT_CONVERSION = YES_AGGRESSIVE;
				CLANG_CXX_LANGUAGE_STANDARD = "gnu++14";
				CLANG_CXX_LIBRARY = "libc++";
				CLANG_ENABLE_MODULES = YES;
				CLANG_ENABLE_OBJC_ARC = YES;
				CLANG_ENABLE_OBJC_WEAK = YES;
				CLANG_WARN_BLOCK_CAPTURE_AUTORELEASING = YES;
				CLANG_WARN_BOOL_CONVERSION = YES;
				CLANG_WARN_COMMA = YES;
				CLANG_WARN_CONSTANT_CONVERSION = YES;
				CLANG_WARN_DEPRECATED_OBJC_IMPLEMENTATIONS = YES;
				CLANG_WARN_DIRECT_OBJC_ISA_USAGE = YES_ERROR;
				CLANG_WARN_DOCUMENTATION_COMMENTS = YES;
				CLANG_WARN_EMPTY_BODY = YES;
				CLANG_WARN_ENUM_CONVERSION = YES;
				CLANG_WARN_INFINITE_RECURSION = YES;
				CLANG_WARN_INT_CONVERSION = YES;
				CLANG_WARN_NON_LITERAL_NULL_CONVERSION = YES;
				CLANG_WARN_OBJC_IMPLICIT_RETAIN_SELF = YES;
				CLANG_WARN_OBJC_LITERAL_CONVERSION = YES;
				CLANG_WARN_OBJC_ROOT_CLASS = YES_ERROR;
				CLANG_WARN_RANGE_LOOP_ANALYSIS = YES;
				CLANG_WARN_STRICT_PROTOTYPES = YES;
				CLANG_WARN_SUSPICIOUS_MOVE = YES;
				CLANG_WARN_UNGUARDED_AVAILABILITY = YES_AGGRESSIVE;
				CLANG_WARN_UNREACHABLE_CODE = YES;
				CLANG_WARN__DUPLICATE_METHOD_MATCH = YES;
				COPY_PHASE_STRIP = NO;
				DEBUG_INFORMATION_FORMAT = "dwarf-with-dsym";
				ENABLE_NS_ASSERTIONS = NO;
				ENABLE_STRICT_OBJC_MSGSEND = YES;
				GCC_C_LANGUAGE_STANDARD = gnu11;
				GCC_NO_COMMON_BLOCKS = YES;
				GCC_WARN_64_TO_32_BIT_CONVERSION = YES;
				GCC_WARN_ABOUT_RETURN_TYPE = YES_ERROR;
				GCC_WARN_UNDECLARED_SELECTOR = YES;
				GCC_WARN_UNINITIALIZED_AUTOS = YES_AGGRESSIVE;
				GCC_WARN_UNUSED_FUNCTION = YES;
				GCC_WARN_UNUSED_VARIABLE = YES;
				IPHONEOS_DEPLOYMENT_TARGET = 13.2;
				MTL_ENABLE_DEBUG_INFO = NO;
				MTL_FAST_MATH = YES;
				SDKROOT = iphoneos;
				SWIFT_COMPILATION_MODE = wholemodule;
				SWIFT_OPTIMIZATION_LEVEL = "-O";
				VALIDATE_PRODUCT = YES;
			};
			name = Release;
		};
		CF1D8DEB23D1445100A601BF /* Debug */ = {
			isa = XCBuildConfiguration;
			baseConfigurationReference = DA0BB69B9F4F55AB185FB974 /* Pods-App Works Midterm.debug.xcconfig */;
			buildSettings = {
				ASSETCATALOG_COMPILER_APPICON_NAME = AppIcon;
				CODE_SIGN_STYLE = Automatic;
				INFOPLIST_FILE = "App Works Midterm/Info.plist";
				LD_RUNPATH_SEARCH_PATHS = (
					"$(inherited)",
					"@executable_path/Frameworks",
				);
				PRODUCT_BUNDLE_IDENTIFIER = "com.bacteriafish.App-Works-Midterm";
				PRODUCT_NAME = "$(TARGET_NAME)";
				SWIFT_VERSION = 5.0;
				TARGETED_DEVICE_FAMILY = "1,2";
			};
			name = Debug;
		};
		CF1D8DEC23D1445100A601BF /* Release */ = {
			isa = XCBuildConfiguration;
			baseConfigurationReference = B94F47C7B833B5A7BB7FBED6 /* Pods-App Works Midterm.release.xcconfig */;
			buildSettings = {
				ASSETCATALOG_COMPILER_APPICON_NAME = AppIcon;
				CODE_SIGN_STYLE = Automatic;
				INFOPLIST_FILE = "App Works Midterm/Info.plist";
				LD_RUNPATH_SEARCH_PATHS = (
					"$(inherited)",
					"@executable_path/Frameworks",
				);
				PRODUCT_BUNDLE_IDENTIFIER = "com.bacteriafish.App-Works-Midterm";
				PRODUCT_NAME = "$(TARGET_NAME)";
				SWIFT_VERSION = 5.0;
				TARGETED_DEVICE_FAMILY = "1,2";
			};
			name = Release;
		};
/* End XCBuildConfiguration section */

/* Begin XCConfigurationList section */
		CF1D8DD123D1445000A601BF /* Build configuration list for PBXProject "App Works Midterm" */ = {
			isa = XCConfigurationList;
			buildConfigurations = (
				CF1D8DE823D1445100A601BF /* Debug */,
				CF1D8DE923D1445100A601BF /* Release */,
			);
			defaultConfigurationIsVisible = 0;
			defaultConfigurationName = Release;
		};
		CF1D8DEA23D1445100A601BF /* Build configuration list for PBXNativeTarget "App Works Midterm" */ = {
			isa = XCConfigurationList;
			buildConfigurations = (
				CF1D8DEB23D1445100A601BF /* Debug */,
				CF1D8DEC23D1445100A601BF /* Release */,
			);
			defaultConfigurationIsVisible = 0;
			defaultConfigurationName = Release;
		};
/* End XCConfigurationList section */
	};
	rootObject = CF1D8DCE23D1445000A601BF /* Project object */;
}
